
Microsoft Visual Studio Solution File, Format Version 12.00
# Visual Studio Version 16
VisualStudioVersion = 16.0.31025.194
MinimumVisualStudioVersion = 10.0.40219.1
Project("{9A19103F-16F7-4668-BE54-9A1E7A4F7556}") = "Issuing_MicrosService_API", "Issuing_MicrosService_API\Issuing_MicrosService_API.csproj", "{9558D0E5-30C6-4651-A879-76B370DC19FF}"
EndProject
Project("{E53339B2-1760-4266-BCC7-CA923CBCF16C}") = "docker-compose", "docker-compose.dcproj", "{1EC1430C-20AB-4890-9347-E6A0C8D8486A}"
EndProject
Global
	GlobalSection(SolutionConfigurationPlatforms) = preSolution
		Debug|Any CPU = Debug|Any CPU
		Release|Any CPU = Release|Any CPU
	EndGlobalSection
	GlobalSection(ProjectConfigurationPlatforms) = postSolution
		{9558D0E5-30C6-4651-A879-76B370DC19FF}.Debug|Any CPU.ActiveCfg = Debug|Any CPU
		{9558D0E5-30C6-4651-A879-76B370DC19FF}.Debug|Any CPU.Build.0 = Debug|Any CPU
		{9558D0E5-30C6-4651-A879-76B370DC19FF}.Release|Any CPU.ActiveCfg = Release|Any CPU
		{9558D0E5-30C6-4651-A879-76B370DC19FF}.Release|Any CPU.Build.0 = Release|Any CPU
		{1EC1430C-20AB-4890-9347-E6A0C8D8486A}.Debug|Any CPU.ActiveCfg = Debug|Any CPU
		{1EC1430C-20AB-4890-9347-E6A0C8D8486A}.Debug|Any CPU.Build.0 = Debug|Any CPU
		{1EC1430C-20AB-4890-9347-E6A0C8D8486A}.Release|Any CPU.ActiveCfg = Release|Any CPU
		{1EC1430C-20AB-4890-9347-E6A0C8D8486A}.Release|Any CPU.Build.0 = Release|Any CPU
	EndGlobalSection
	GlobalSection(SolutionProperties) = preSolution
		HideSolutionNode = FALSE
	EndGlobalSection
	GlobalSection(ExtensibilityGlobals) = postSolution
		SolutionGuid = {E74CC983-942D-457C-B146-609B5BC23D24}
	EndGlobalSection
EndGlobal
